
Microsoft Visual Studio Solution File, Format Version 12.00
# Visual Studio Version 17
VisualStudioVersion = 17.0.31903.59
MinimumVisualStudioVersion = 10.0.40219.1
Project("{F2A71F9B-5D33-465A-A702-920D77279786}") = "WebSharper.Bindings.Popover", "WebSharper.Bindings.Popover\WebSharper.Bindings.Popover.fsproj", "{668DFEEF-AB86-40DE-914F-A102EA0AD218}"
EndProject
Project("{F2A71F9B-5D33-465A-A702-920D77279786}") = "WebSharper.Popover", "WebSharper.Popover\WebSharper.Popover.fsproj", "{79D71184-EF7F-4776-8FB4-B6E5D598EF7C}"
EndProject
Project("{F2A71F9B-5D33-465A-A702-920D77279786}") = "WebSharper.Popover.Sample", "WebSharper.Popover.Sample\WebSharper.Popover.Sample.fsproj", "{F30E7F79-8B1A-4952-832F-7652BB0F4CC3}"
EndProject
Global
	GlobalSection(SolutionConfigurationPlatforms) = preSolution
		Debug|Any CPU = Debug|Any CPU
		Release|Any CPU = Release|Any CPU
	EndGlobalSection
	GlobalSection(SolutionProperties) = preSolution
		HideSolutionNode = FALSE
	EndGlobalSection
	GlobalSection(ProjectConfigurationPlatforms) = postSolution
		{668DFEEF-AB86-40DE-914F-A102EA0AD218}.Debug|Any CPU.ActiveCfg = Debug|Any CPU
		{668DFEEF-AB86-40DE-914F-A102EA0AD218}.Debug|Any CPU.Build.0 = Debug|Any CPU
		{668DFEEF-AB86-40DE-914F-A102EA0AD218}.Release|Any CPU.ActiveCfg = Release|Any CPU
		{668DFEEF-AB86-40DE-914F-A102EA0AD218}.Release|Any CPU.Build.0 = Release|Any CPU
		{79D71184-EF7F-4776-8FB4-B6E5D598EF7C}.Debug|Any CPU.ActiveCfg = Debug|Any CPU
		{79D71184-EF7F-4776-8FB4-B6E5D598EF7C}.Debug|Any CPU.Build.0 = Debug|Any CPU
		{79D71184-EF7F-4776-8FB4-B6E5D598EF7C}.Release|Any CPU.ActiveCfg = Release|Any CPU
		{79D71184-EF7F-4776-8FB4-B6E5D598EF7C}.Release|Any CPU.Build.0 = Release|Any CPU
		{F30E7F79-8B1A-4952-832F-7652BB0F4CC3}.Debug|Any CPU.ActiveCfg = Debug|Any CPU
		{F30E7F79-8B1A-4952-832F-7652BB0F4CC3}.Debug|Any CPU.Build.0 = Debug|Any CPU
		{F30E7F79-8B1A-4952-832F-7652BB0F4CC3}.Release|Any CPU.ActiveCfg = Release|Any CPU
		{F30E7F79-8B1A-4952-832F-7652BB0F4CC3}.Release|Any CPU.Build.0 = Release|Any CPU
	EndGlobalSection
EndGlobal
